
Microsoft Visual Studio Solution File, Format Version 12.00
# Visual Studio Version 16
VisualStudioVersion = 16.0.30413.136
MinimumVisualStudioVersion = 10.0.40219.1
Project("{9A19103F-16F7-4668-BE54-9A1E7A4F7556}") = "OOP07UnitTesting", "OOP07UnitTesting\OOP07UnitTesting.csproj", "{AE798CDD-7BC6-40B2-9C5F-FDF304CE78A2}"
EndProject
Project("{9A19103F-16F7-4668-BE54-9A1E7A4F7556}") = "XUnitTest", "XUnitTest\XUnitTest.csproj", "{A947F58D-85F8-4D5B-98AD-47BA9C398C97}"
EndProject
Project("{9A19103F-16F7-4668-BE54-9A1E7A4F7556}") = "NUnitTest", "NUnitTest\NUnitTest.csproj", "{170A3105-9870-4B00-9301-5B95E3E0EEB8}"
EndProject
Project("{9A19103F-16F7-4668-BE54-9A1E7A4F7556}") = "Container", "Calculater\Container.csproj", "{31EA1743-F82A-497C-8D1F-B9C2BE6233DC}"
EndProject
Project("{FAE04EC0-301F-11D3-BF4B-00C04F79EFBC}") = "DependencyInjection", "DependencyInjection\DependencyInjection.csproj", "{405C38EC-4AA5-44B1-948B-B9BF20A6B9F3}"
EndProject
Global
	GlobalSection(SolutionConfigurationPlatforms) = preSolution
		Debug|Any CPU = Debug|Any CPU
		Release|Any CPU = Release|Any CPU
	EndGlobalSection
	GlobalSection(ProjectConfigurationPlatforms) = postSolution
		{AE798CDD-7BC6-40B2-9C5F-FDF304CE78A2}.Debug|Any CPU.ActiveCfg = Debug|Any CPU
		{AE798CDD-7BC6-40B2-9C5F-FDF304CE78A2}.Debug|Any CPU.Build.0 = Debug|Any CPU
		{AE798CDD-7BC6-40B2-9C5F-FDF304CE78A2}.Release|Any CPU.ActiveCfg = Release|Any CPU
		{AE798CDD-7BC6-40B2-9C5F-FDF304CE78A2}.Release|Any CPU.Build.0 = Release|Any CPU
		{A947F58D-85F8-4D5B-98AD-47BA9C398C97}.Debug|Any CPU.ActiveCfg = Debug|Any CPU
		{A947F58D-85F8-4D5B-98AD-47BA9C398C97}.Debug|Any CPU.Build.0 = Debug|Any CPU
		{A947F58D-85F8-4D5B-98AD-47BA9C398C97}.Release|Any CPU.ActiveCfg = Release|Any CPU
		{A947F58D-85F8-4D5B-98AD-47BA9C398C97}.Release|Any CPU.Build.0 = Release|Any CPU
		{170A3105-9870-4B00-9301-5B95E3E0EEB8}.Debug|Any CPU.ActiveCfg = Debug|Any CPU
		{170A3105-9870-4B00-9301-5B95E3E0EEB8}.Debug|Any CPU.Build.0 = Debug|Any CPU
		{170A3105-9870-4B00-9301-5B95E3E0EEB8}.Release|Any CPU.ActiveCfg = Release|Any CPU
		{170A3105-9870-4B00-9301-5B95E3E0EEB8}.Release|Any CPU.Build.0 = Release|Any CPU
		{31EA1743-F82A-497C-8D1F-B9C2BE6233DC}.Debug|Any CPU.ActiveCfg = Debug|Any CPU
		{31EA1743-F82A-497C-8D1F-B9C2BE6233DC}.Debug|Any CPU.Build.0 = Debug|Any CPU
		{31EA1743-F82A-497C-8D1F-B9C2BE6233DC}.Release|Any CPU.ActiveCfg = Release|Any CPU
		{31EA1743-F82A-497C-8D1F-B9C2BE6233DC}.Release|Any CPU.Build.0 = Release|Any CPU
		{405C38EC-4AA5-44B1-948B-B9BF20A6B9F3}.Debug|Any CPU.ActiveCfg = Debug|Any CPU
		{405C38EC-4AA5-44B1-948B-B9BF20A6B9F3}.Debug|Any CPU.Build.0 = Debug|Any CPU
		{405C38EC-4AA5-44B1-948B-B9BF20A6B9F3}.Release|Any CPU.ActiveCfg = Release|Any CPU
		{405C38EC-4AA5-44B1-948B-B9BF20A6B9F3}.Release|Any CPU.Build.0 = Release|Any CPU
	EndGlobalSection
	GlobalSection(SolutionProperties) = preSolution
		HideSolutionNode = FALSE
	EndGlobalSection
	GlobalSection(ExtensibilityGlobals) = postSolution
		SolutionGuid = {96BCCCBD-3B57-4768-8D7A-CBDC5305809C}
	EndGlobalSection
EndGlobal
